<?xml version="1.0" encoding="utf-8"?>
<Project ToolsVersion="4.0" xmlns="http://schemas.microsoft.com/developer/msbuild/2003">
  <ItemGroup>
    <ClCompile Include="Source\Application.cpp" />
    <ClCompile Include="Source\Camera.cpp" />
    <ClCompile Include="Source\Camera2.cpp" />
    <ClCompile Include="Source\Camera3.cpp" />
    <ClCompile Include="Source\DepthFBO.cpp" />
    <ClCompile Include="Source\Entities\Drone.cpp" />
    <ClCompile Include="Source\Entities\Enemy.cpp" />
    <ClCompile Include="Source\Entities\Entity.cpp" />
    <ClCompile Include="Source\Entities\EntityManager.cpp" />
    <ClCompile Include="Source\Entities\Projectile.cpp" />
    <ClCompile Include="Source\HardwareAbstraction\Controller.cpp" />
    <ClCompile Include="Source\HardwareAbstraction\Keyboard.cpp" />
    <ClCompile Include="Source\HardwareAbstraction\Mouse.cpp" />
    <ClCompile Include="Source\LoadHmap.cpp" />
    <ClCompile Include="Source\LoadOBJ.cpp" />
    <ClCompile Include="Source\LoadTGA.cpp" />
    <ClCompile Include="Source\main.cpp" />
    <ClCompile Include="Source\Mesh.cpp" />
    <ClCompile Include="Source\MeshBuilder.cpp" />
    <ClCompile Include="Source\OBJMesh.cpp" />
    <ClCompile Include="Source\Particle.cpp" />
    <ClCompile Include="Source\Particles\ParticleManager.cpp" />
    <ClCompile Include="Source\Particles\Particle_2.cpp" />
    <ClCompile Include="Source\PlayerInfo\PlayerInfo.cpp" />
    <ClCompile Include="Source\SceneManager.cpp" />
    <ClCompile Include="Source\SceneTerrain.cpp" />
    <ClCompile Include="Source\shader.cpp" />
    <ClCompile Include="Source\SoundEngine.cpp" />
    <ClCompile Include="Source\SpriteAnimation.cpp" />
    <ClCompile Include="Source\Utility.cpp" />
    <ClCompile Include="Source\CameraEffects\CameraEffect.cpp" />
    <ClCompile Include="Source\CameraEffects\CameraEffectManager.cpp" />
    <ClCompile Include="Source\SceneRange.cpp" />
    <ClCompile Include="Source\SceneStartMenu.cpp" />
    <ClCompile Include="Source\SceneGameMenu.cpp" />
    <ClCompile Include="Source\SceneInGameMenu.cpp" />
    <ClCompile Include="Source\SceneControls1.cpp" />
    <ClCompile Include="Source\SceneControls.cpp" />
    <ClCompile Include="Source\Entities\NPC.cpp" />
    <ClCompile Include="Source\Rigs\RigInfo.cpp" />
    <ClCompile Include="Source\Rigs\JointInfo.cpp" />
    <ClCompile Include="Source\SceneBoss.cpp" />
    <ClCompile Include="Source\Entities\Boss.cpp" />
    <ClCompile Include="Source\SceneLevel1Basics.cpp" />
    <ClCompile Include="Source\SceneLevel2Burst.cpp" />
    <ClCompile Include="Source\SceneLevel4Flight.cpp" />
    <ClCompile Include="Source\SceneRangeMoving.cpp" />
    <ClCompile Include="Source\SceneRangeElemental.cpp" />
    <ClCompile Include="Source\SceneInstructions.cpp" />
    <ClCompile Include="Source\SceneInstructions1.cpp" />
    <ClCompile Include="Source\SceneLevel3Fog.cpp" />
    <ClCompile Include="Source\Entities\Witch.cpp" />
    <ClCompile Include="Source\Entities\FlyingWitch.cpp" />
    <ClCompile Include="Source\SceneGameOver.cpp" />
  </ItemGroup>
  <ItemGroup>
    <ClInclude Include="Source\Application.h" />
    <ClInclude Include="Source\Camera.h" />
    <ClInclude Include="Source\Camera2.h" />
    <ClInclude Include="Source\Camera3.h" />
    <ClInclude Include="Source\DepthFBO.h" />
    <ClInclude Include="Source\Entities\Drone.h" />
    <ClInclude Include="Source\Entities\Enemy.h" />
    <ClInclude Include="Source\Entities\Entity.h" />
    <ClInclude Include="Source\Entities\EntityManager.h" />
    <ClInclude Include="Source\Entities\Projectile.h" />
    <ClInclude Include="Source\Geometry.h" />
    <ClInclude Include="Source\HardwareAbstraction\Controller.h" />
    <ClInclude Include="Source\HardwareAbstraction\Keyboard.h" />
    <ClInclude Include="Source\HardwareAbstraction\Mouse.h" />
    <ClInclude Include="Source\Light.h" />
    <ClInclude Include="Source\LoadHmap.h" />
    <ClInclude Include="Source\LoadOBJ.h" />
    <ClInclude Include="Source\LoadTGA.h" />
    <ClInclude Include="Source\Material.h" />
    <ClInclude Include="Source\Mesh.h" />
    <ClInclude Include="Source\MeshBuilder.h" />
    <ClInclude Include="Source\OBJMesh.h" />
    <ClInclude Include="Source\Particle.h" />
    <ClInclude Include="Source\Particles\ParticleManager.h" />
    <ClInclude Include="Source\Particles\Particle_2.h" />
    <ClInclude Include="Source\PlayerInfo\PlayerInfo.h" />
    <ClInclude Include="Source\Scene.h" />
    <ClInclude Include="Source\SceneManager.h" />
    <ClInclude Include="Source\SceneTerrain.h" />
    <ClInclude Include="Source\shader.hpp" />
    <ClInclude Include="Source\SoundEngine.h" />
    <ClInclude Include="Source\SpriteAnimation.h" />
    <ClInclude Include="Source\Utility.h" />
    <ClInclude Include="Source\Vertex.h" />
    <ClInclude Include="Source\CameraEffects\CameraEffect.h" />
    <ClInclude Include="Source\CameraEffects\CameraEffectManager.h" />
    <ClInclude Include="Source\SceneRange.h" />
    <ClInclude Include="Source\SceneStartMenu.h" />
    <ClInclude Include="Source\SceneGameMenu.h" />
    <ClInclude Include="Source\SceneInGameMenu.h" />
    <ClInclude Include="Source\SceneControls1.h" />
    <ClInclude Include="Source\SceneControls.h" />
    <ClInclude Include="Source\TimeTrackerManager.h" />
    <ClInclude Include="Source\Entities\NPC.h" />
    <ClInclude Include="Source\Rigs\RigInfo.h" />
    <ClInclude Include="Source\Rigs\JointInfo.h" />
    <ClInclude Include="Source\SceneBoss.h" />
    <ClInclude Include="Source\Entities\Boss.h" />
    <ClInclude Include="Source\SceneLevel1Basics.h" />
    <ClInclude Include="Source\SceneLevel2Burst.h" />
    <ClInclude Include="Source\SceneLevel4Flight.h" />
    <ClInclude Include="Source\SceneRangeMoving.h" />
    <ClInclude Include="Source\SceneRangeElemental.h" />
    <ClInclude Include="Source\SceneInstructions.h" />
    <ClInclude Include="Source\SceneInstructions1.h" />
    <ClInclude Include="Source\SceneLevel3Fog.h" />
    <ClInclude Include="Source\Entities\Witch.h" />
    <ClInclude Include="Source\Entities\FlyingWitch.h" />
    <ClInclude Include="Source\SceneGameOver.h" />
  </ItemGroup>
</Project>